
Microsoft Visual Studio Solution File, Format Version 12.00
# Visual Studio Version 16
VisualStudioVersion = 16.0.32106.194
MinimumVisualStudioVersion = 10.0.40219.1
Project("{FAE04EC0-301F-11D3-BF4B-00C04F79EFBC}") = "120822", "120822\120822.csproj", "{CEAA82E9-BBC0-4F94-A95B-BA60230E1AEA}"
EndProject
Global
	GlobalSection(SolutionConfigurationPlatforms) = preSolution
		Debug|Any CPU = Debug|Any CPU
		Release|Any CPU = Release|Any CPU
	EndGlobalSection
	GlobalSection(ProjectConfigurationPlatforms) = postSolution
		{CEAA82E9-BBC0-4F94-A95B-BA60230E1AEA}.Debug|Any CPU.ActiveCfg = Debug|Any CPU
		{CEAA82E9-BBC0-4F94-A95B-BA60230E1AEA}.Debug|Any CPU.Build.0 = Debug|Any CPU
		{CEAA82E9-BBC0-4F94-A95B-BA60230E1AEA}.Release|Any CPU.ActiveCfg = Release|Any CPU
		{CEAA82E9-BBC0-4F94-A95B-BA60230E1AEA}.Release|Any CPU.Build.0 = Release|Any CPU
	EndGlobalSection
	GlobalSection(SolutionProperties) = preSolution
		HideSolutionNode = FALSE
	EndGlobalSection
	GlobalSection(ExtensibilityGlobals) = postSolution
		SolutionGuid = {CF0433ED-F940-4B67-99C9-2ABC9CBA3228}
	EndGlobalSection
EndGlobal
